{
  "name": "lion-dialog-uncaught-in-promise",
  "version": "1.0.0",
  "lockfileVersion": 1,
  "requires": true,
  "dependencies": {
    "@bundled-es-modules/message-format": {
      "version": "6.0.4",
      "resolved": "https://nexus3.topdesk.com/nexus/repository/npm/@bundled-es-modules/message-format/-/message-format-6.0.4.tgz",
      "integrity": "sha512-NGUoPxqsBzDwvRhY3A3L/AhS1hzS9OWappfyDOyCwE7G3W4ua28gau7QwvJz7QzA6ArbAdeb8c1mLjvd1WUFAA=="
    },
    "@lion/core": {
      "version": "0.16.0",
      "resolved": "https://nexus3.topdesk.com/nexus/repository/npm/@lion/core/-/core-0.16.0.tgz",
      "integrity": "sha512-/MB/G44fZtL+s8iX1GAnyjw+Drn+fROkA13BpTn808UrDMGQ+WW1oq67Wp9Hr+t34LB3ghH3tm7afniDMa1VCA==",
      "requires": {
        "@open-wc/dedupe-mixin": "^1.2.18",
        "@open-wc/scoped-elements": "^1.3.3",
        "lit-element": "~2.4.0",
        "lit-html": "^1.3.0"
      }
    },
    "@lion/dialog": {
      "version": "0.11.4",
      "resolved": "https://nexus3.topdesk.com/nexus/repository/npm/@lion/dialog/-/dialog-0.11.4.tgz",
      "integrity": "sha512-poMHxr0eAMxQ0kPAohDoyMcJ7GY0d7QpvG3awoexezt5mt1QIp2U8xzOnO7+rdNbqVY3we7jlXhHkXxyKJ/vtg==",
      "requires": {
        "@lion/core": "0.16.0",
        "@lion/overlays": "0.26.1"
      }
    },
    "@lion/form-core": {
      "version": "0.11.0",
      "resolved": "https://nexus3.topdesk.com/nexus/repository/npm/@lion/form-core/-/form-core-0.11.0.tgz",
      "integrity": "sha512-opDXzTtVHJlRo+BLSI0dtSjbIz7PsJL80wnU8WAK3S+WNH5z2S37OBCoVvOVpXRpoqGAj5L/BmaJnHZeo6pPYw==",
      "requires": {
        "@lion/core": "0.16.0",
        "@lion/localize": "0.18.0"
      }
    },
    "@lion/listbox": {
      "version": "0.7.0",
      "resolved": "https://nexus3.topdesk.com/nexus/repository/npm/@lion/listbox/-/listbox-0.7.0.tgz",
      "integrity": "sha512-wHGqahRIjpTmMAvU/hDZyDGNhmjRj6FEYSWn7Z3ugE52D9a1PQd7HVc1cVVIRc71jC3w4n5ZYVeZChwR3N3fWw==",
      "requires": {
        "@lion/core": "0.16.0",
        "@lion/form-core": "0.11.0"
      }
    },
    "@lion/localize": {
      "version": "0.18.0",
      "resolved": "https://nexus3.topdesk.com/nexus/repository/npm/@lion/localize/-/localize-0.18.0.tgz",
      "integrity": "sha512-+adOGlot4IItOy1udLKflZlO2fTKM7R0Ji7iZ5SEVG80XOZxC3RXjVM7mWSd5wqcCUe51j1P/tgKM3vDLF0RAw==",
      "requires": {
        "@bundled-es-modules/message-format": "6.0.4",
        "@lion/core": "0.16.0",
        "singleton-manager": "1.4.1"
      }
    },
    "@lion/overlays": {
      "version": "0.26.1",
      "resolved": "https://nexus3.topdesk.com/nexus/repository/npm/@lion/overlays/-/overlays-0.26.1.tgz",
      "integrity": "sha512-1FvphbR/yTQ1WtcB1gNuH772i9qAydQkI6NwibIw8QeOGXisA+6SChv2OHS7CijlpDJnDxNyX44LGdDM1/Pd8A==",
      "requires": {
        "@lion/core": "0.16.0",
        "@popperjs/core": "^2.5.4",
        "singleton-manager": "1.4.1"
      }
    },
    "@open-wc/dedupe-mixin": {
      "version": "1.3.0",
      "resolved": "https://nexus3.topdesk.com/nexus/repository/npm/@open-wc/dedupe-mixin/-/dedupe-mixin-1.3.0.tgz",
      "integrity": "sha512-UfdK1MPnR6T7f3svzzYBfu3qBkkZ/KsPhcpc3JYhsUY4hbpwNF9wEQtD4Z+/mRqMTJrKg++YSxIxE0FBhY3RIw=="
    },
    "@open-wc/scoped-elements": {
      "version": "1.3.3",
      "resolved": "https://nexus3.topdesk.com/nexus/repository/npm/@open-wc/scoped-elements/-/scoped-elements-1.3.3.tgz",
      "integrity": "sha512-vFIQVYYjFw67odUE4JzZOpctnF7S/2DX+S+clrL3bQPql7HvEnV0wMFwOWUavQTuCJi0rfU8GTcNMiUybio+Yg==",
      "requires": {
        "@open-wc/dedupe-mixin": "^1.3.0",
        "lit-html": "^1.0.0"
      }
    },
    "@popperjs/core": {
      "version": "2.9.2",
      "resolved": "https://nexus3.topdesk.com/nexus/repository/npm/@popperjs/core/-/core-2.9.2.tgz",
      "integrity": "sha512-VZMYa7+fXHdwIq1TDhSXoVmSPEGM/aa+6Aiq3nVVJ9bXr24zScr+NlKFKC3iPljA7ho/GAZr+d2jOf5GIRC30Q=="
    },
    "@types/node": {
      "version": "14.0.13",
      "resolved": "https://nexus3.topdesk.com/nexus/repository/npm/@types/node/-/node-14.0.13.tgz",
      "integrity": "sha512-rouEWBImiRaSJsVA+ITTFM6ZxibuAlTuNOCyxVbwreu6k6+ujs7DfnU9o+PShFhET78pMBl3eH+AGSI5eOTkPA==",
      "dev": true
    },
    "@types/resolve": {
      "version": "0.0.8",
      "resolved": "https://nexus3.topdesk.com/nexus/repository/npm/@types/resolve/-/resolve-0.0.8.tgz",
      "integrity": "sha512-auApPaJf3NPfe18hSoJkp8EbZzer2ISk7o8mCC3M9he/a04+gbMF97NkpD2S8riMGvm4BMRI59/SZQSaLTKpsQ==",
      "dev": true,
      "requires": {
        "@types/node": "*"
      }
    },
    "async": {
      "version": "2.6.3",
      "resolved": "https://nexus3.topdesk.com/nexus/repository/npm/async/-/async-2.6.3.tgz",
      "integrity": "sha512-zflvls11DCy+dQWzTW2dzuilv8Z5X/pjfmZOWba6TNIVDm+2UDaJmXSOXlasHKfNBs8oo3M0aT50fDEWfKZjXg==",
      "dev": true,
      "requires": {
        "lodash": "^4.17.14"
      }
    },
    "balanced-match": {
      "version": "1.0.0",
      "resolved": "https://nexus3.topdesk.com/nexus/repository/npm/balanced-match/-/balanced-match-1.0.0.tgz",
      "integrity": "sha1-ibTRmasr7kneFk6gK4nORi1xt2c=",
      "dev": true
    },
    "basic-auth": {
      "version": "1.1.0",
      "resolved": "https://nexus3.topdesk.com/nexus/repository/npm/basic-auth/-/basic-auth-1.1.0.tgz",
      "integrity": "sha1-RSIe5Cn37h5QNb4/UVM/HN/SmIQ=",
      "dev": true
    },
    "brace-expansion": {
      "version": "1.1.11",
      "resolved": "https://nexus3.topdesk.com/nexus/repository/npm/brace-expansion/-/brace-expansion-1.1.11.tgz",
      "integrity": "sha512-iCuPHDFgrHX7H2vEI/5xpz07zSHB00TpugqhmYtVmMO6518mCuRMoOYFldEBl0g187ufozdaHgWKcYFb61qGiA==",
      "dev": true,
      "requires": {
        "balanced-match": "^1.0.0",
        "concat-map": "0.0.1"
      }
    },
    "builtin-modules": {
      "version": "3.1.0",
      "resolved": "https://nexus3.topdesk.com/nexus/repository/npm/builtin-modules/-/builtin-modules-3.1.0.tgz",
      "integrity": "sha512-k0KL0aWZuBt2lrxrcASWDfwOLMnodeQjodT/1SxEQAXsHANgo6ZC/VEaSEHCXt7aSTZ4/4H5LKa+tBXmW7Vtvw==",
      "dev": true
    },
    "colors": {
      "version": "1.4.0",
      "resolved": "https://nexus3.topdesk.com/nexus/repository/npm/colors/-/colors-1.4.0.tgz",
      "integrity": "sha512-a+UqTh4kgZg/SlGvfbzDHpgRu7AAQOmmqRHJnxhRZICKFUT91brVhNNt58CMWU9PsBbv3PDCZUHbVxuDiH2mtA==",
      "dev": true
    },
    "concat-map": {
      "version": "0.0.1",
      "resolved": "https://nexus3.topdesk.com/nexus/repository/npm/concat-map/-/concat-map-0.0.1.tgz",
      "integrity": "sha1-2Klr13/Wjfd5OnMDajug1UBdR3s=",
      "dev": true
    },
    "corser": {
      "version": "2.0.1",
      "resolved": "https://nexus3.topdesk.com/nexus/repository/npm/corser/-/corser-2.0.1.tgz",
      "integrity": "sha1-jtolLsqrWEDc2XXOuQ2TcMgZ/4c=",
      "dev": true
    },
    "debug": {
      "version": "3.2.6",
      "resolved": "https://nexus3.topdesk.com/nexus/repository/npm/debug/-/debug-3.2.6.tgz",
      "integrity": "sha512-mel+jf7nrtEl5Pn1Qx46zARXKDpBbvzezse7p7LqINmdoIk8PYP5SySaxEmYv6TZ0JyEKA1hsCId6DIhgITtWQ==",
      "dev": true,
      "requires": {
        "ms": "^2.1.1"
      }
    },
    "ecstatic": {
      "version": "3.3.2",
      "resolved": "https://nexus3.topdesk.com/nexus/repository/npm/ecstatic/-/ecstatic-3.3.2.tgz",
      "integrity": "sha512-fLf9l1hnwrHI2xn9mEDT7KIi22UDqA2jaCwyCbSUJh9a1V+LEUSL/JO/6TIz/QyuBURWUHrFL5Kg2TtO1bkkog==",
      "dev": true,
      "requires": {
        "he": "^1.1.1",
        "mime": "^1.6.0",
        "minimist": "^1.1.0",
        "url-join": "^2.0.5"
      }
    },
    "estree-walker": {
      "version": "0.6.1",
      "resolved": "https://nexus3.topdesk.com/nexus/repository/npm/estree-walker/-/estree-walker-0.6.1.tgz",
      "integrity": "sha512-SqmZANLWS0mnatqbSfRP5g8OXZC12Fgg1IwNtLsyHDzJizORW4khDfjPqJZsemPWBB2uqykUah5YpQ6epsqC/w==",
      "dev": true
    },
    "eventemitter3": {
      "version": "4.0.4",
      "resolved": "https://nexus3.topdesk.com/nexus/repository/npm/eventemitter3/-/eventemitter3-4.0.4.tgz",
      "integrity": "sha512-rlaVLnVxtxvoyLsQQFBx53YmXHDxRIzzTLbdfxqi4yocpSjAxXwkU0cScM5JgSKMqEhrZpnvQ2D9gjylR0AimQ==",
      "dev": true
    },
    "follow-redirects": {
      "version": "1.12.1",
      "resolved": "https://nexus3.topdesk.com/nexus/repository/npm/follow-redirects/-/follow-redirects-1.12.1.tgz",
      "integrity": "sha512-tmRv0AVuR7ZyouUHLeNSiO6pqulF7dYa3s19c6t+wz9LD69/uSzdMxJ2S91nTI9U3rt/IldxpzMOFejp6f0hjg==",
      "dev": true
    },
    "fs.realpath": {
      "version": "1.0.0",
      "resolved": "https://nexus3.topdesk.com/nexus/repository/npm/fs.realpath/-/fs.realpath-1.0.0.tgz",
      "integrity": "sha1-FQStJSMVjKpA20onh8sBQRmU6k8=",
      "dev": true
    },
    "fsevents": {
      "version": "2.3.2",
      "resolved": "https://nexus3.topdesk.com/nexus/repository/npm/fsevents/-/fsevents-2.3.2.tgz",
      "integrity": "sha512-xiqMQR4xAeHTuB9uWm+fFRcIOgKBMiOBP+eXiyT7jsgVCq1bkVygt00oASowB7EdtpOHaaPgKt812P9ab+DDKA==",
      "dev": true,
      "optional": true
    },
    "glob": {
      "version": "7.1.6",
      "resolved": "https://nexus3.topdesk.com/nexus/repository/npm/glob/-/glob-7.1.6.tgz",
      "integrity": "sha512-LwaxwyZ72Lk7vZINtNNrywX0ZuLyStrdDtabefZKAY5ZGJhVtgdznluResxNmPitE0SAO+O26sWTHeKSI2wMBA==",
      "dev": true,
      "requires": {
        "fs.realpath": "^1.0.0",
        "inflight": "^1.0.4",
        "inherits": "2",
        "minimatch": "^3.0.4",
        "once": "^1.3.0",
        "path-is-absolute": "^1.0.0"
      }
    },
    "he": {
      "version": "1.2.0",
      "resolved": "https://nexus3.topdesk.com/nexus/repository/npm/he/-/he-1.2.0.tgz",
      "integrity": "sha512-F/1DnUGPopORZi0ni+CvrCgHQ5FyEAHRLSApuYWMmrbSwoN2Mn/7k+Gl38gJnR7yyDZk6WLXwiGod1JOWNDKGw==",
      "dev": true
    },
    "http-proxy": {
      "version": "1.18.1",
      "resolved": "https://nexus3.topdesk.com/nexus/repository/npm/http-proxy/-/http-proxy-1.18.1.tgz",
      "integrity": "sha512-7mz/721AbnJwIVbnaSv1Cz3Am0ZLT/UBwkC92VlxhXv/k/BBQfM2fXElQNC27BVGr0uwUpplYPQM9LnaBMR5NQ==",
      "dev": true,
      "requires": {
        "eventemitter3": "^4.0.0",
        "follow-redirects": "^1.0.0",
        "requires-port": "^1.0.0"
      }
    },
    "http-server": {
      "version": "0.12.3",
      "resolved": "https://nexus3.topdesk.com/nexus/repository/npm/http-server/-/http-server-0.12.3.tgz",
      "integrity": "sha512-be0dKG6pni92bRjq0kvExtj/NrrAd28/8fCXkaI/4piTwQMSDSLMhWyW0NI1V+DBI3aa1HMlQu46/HjVLfmugA==",
      "dev": true,
      "requires": {
        "basic-auth": "^1.0.3",
        "colors": "^1.4.0",
        "corser": "^2.0.1",
        "ecstatic": "^3.3.2",
        "http-proxy": "^1.18.0",
        "minimist": "^1.2.5",
        "opener": "^1.5.1",
        "portfinder": "^1.0.25",
        "secure-compare": "3.0.1",
        "union": "~0.5.0"
      }
    },
    "inflight": {
      "version": "1.0.6",
      "resolved": "https://nexus3.topdesk.com/nexus/repository/npm/inflight/-/inflight-1.0.6.tgz",
      "integrity": "sha1-Sb1jMdfQLQwJvJEKEHW6gWW1bfk=",
      "dev": true,
      "requires": {
        "once": "^1.3.0",
        "wrappy": "1"
      }
    },
    "inherits": {
      "version": "2.0.4",
      "resolved": "https://nexus3.topdesk.com/nexus/repository/npm/inherits/-/inherits-2.0.4.tgz",
      "integrity": "sha512-k/vGaX4/Yla3WzyMCvTQOXYeIHvqOKtnqBduzTHpzpQZzAskKMhZ2K+EnBiSM9zGSoIFeMpXKxa4dYeZIQqewQ==",
      "dev": true
    },
    "is-module": {
      "version": "1.0.0",
      "resolved": "https://nexus3.topdesk.com/nexus/repository/npm/is-module/-/is-module-1.0.0.tgz",
      "integrity": "sha1-Mlj7afeMFNW4FdZkM2tM/7ZEFZE=",
      "dev": true
    },
    "lit-element": {
      "version": "2.4.0",
      "resolved": "https://nexus3.topdesk.com/nexus/repository/npm/lit-element/-/lit-element-2.4.0.tgz",
      "integrity": "sha512-pBGLglxyhq/Prk2H91nA0KByq/hx/wssJBQFiYqXhGDvEnY31PRGYf1RglVzyLeRysu0IHm2K0P196uLLWmwFg==",
      "requires": {
        "lit-html": "^1.1.1"
      }
    },
    "lit-html": {
      "version": "1.3.0",
      "resolved": "https://nexus3.topdesk.com/nexus/repository/npm/lit-html/-/lit-html-1.3.0.tgz",
      "integrity": "sha512-0Q1bwmaFH9O14vycPHw8C/IeHMk/uSDldVLIefu/kfbTBGIc44KGH6A8p1bDfxUfHdc8q6Ct7kQklWoHgr4t1Q=="
    },
    "lodash": {
      "version": "4.17.15",
      "resolved": "https://nexus3.topdesk.com/nexus/repository/npm/lodash/-/lodash-4.17.15.tgz",
      "integrity": "sha512-8xOcRHvCjnocdS5cpwXQXVzmmh5e5+saE2QGoeQmbKmRS6J3VQppPOIt0MnmE+4xlZoumy0GPG0D0MVIQbNA1A==",
      "dev": true
    },
    "mime": {
      "version": "1.6.0",
      "resolved": "https://nexus3.topdesk.com/nexus/repository/npm/mime/-/mime-1.6.0.tgz",
      "integrity": "sha512-x0Vn8spI+wuJ1O6S7gnbaQg8Pxh4NNHb7KSINmEWKiPE4RKOplvijn+NkmYmmRgP68mc70j2EbeTFRsrswaQeg==",
      "dev": true
    },
    "minimatch": {
      "version": "3.0.4",
      "resolved": "https://nexus3.topdesk.com/nexus/repository/npm/minimatch/-/minimatch-3.0.4.tgz",
      "integrity": "sha512-yJHVQEhyqPLUTgt9B83PXu6W3rx4MvvHvSUvToogpwoGDOUQ+yDrR0HRot+yOCdCO7u4hX3pWft6kWBBcqh0UA==",
      "dev": true,
      "requires": {
        "brace-expansion": "^1.1.7"
      }
    },
    "minimist": {
      "version": "1.2.5",
      "resolved": "https://nexus3.topdesk.com/nexus/repository/npm/minimist/-/minimist-1.2.5.tgz",
      "integrity": "sha512-FM9nNUYrRBAELZQT3xeZQ7fmMOBg6nWNmJKTcgsJeaLstP/UODVpGsr5OhXhhXg6f+qtJ8uiZ+PUxkDWcgIXLw==",
      "dev": true
    },
    "mkdirp": {
      "version": "0.5.5",
      "resolved": "https://nexus3.topdesk.com/nexus/repository/npm/mkdirp/-/mkdirp-0.5.5.tgz",
      "integrity": "sha512-NKmAlESf6jMGym1++R0Ra7wvhV+wFW63FaSOFPwRahvea0gMUcGUhVeAg/0BC0wiv9ih5NYPB1Wn1UEI1/L+xQ==",
      "dev": true,
      "requires": {
        "minimist": "^1.2.5"
      }
    },
    "ms": {
      "version": "2.1.2",
      "resolved": "https://nexus3.topdesk.com/nexus/repository/npm/ms/-/ms-2.1.2.tgz",
      "integrity": "sha512-sGkPx+VjMtmA6MX27oA4FBFELFCZZ4S4XqeGOXCv68tT+jb3vk/RyaKWP0PTKyWtmLSM0b+adUTEvbs1PEaH2w==",
      "dev": true
    },
    "once": {
      "version": "1.4.0",
      "resolved": "https://nexus3.topdesk.com/nexus/repository/npm/once/-/once-1.4.0.tgz",
      "integrity": "sha1-WDsap3WWHUsROsF9nFC6753Xa9E=",
      "dev": true,
      "requires": {
        "wrappy": "1"
      }
    },
    "opener": {
      "version": "1.5.1",
      "resolved": "https://nexus3.topdesk.com/nexus/repository/npm/opener/-/opener-1.5.1.tgz",
      "integrity": "sha512-goYSy5c2UXE4Ra1xixabeVh1guIX/ZV/YokJksb6q2lubWu6UbvPQ20p542/sFIll1nl8JnCyK9oBaOcCWXwvA==",
      "dev": true
    },
    "path-is-absolute": {
      "version": "1.0.1",
      "resolved": "https://nexus3.topdesk.com/nexus/repository/npm/path-is-absolute/-/path-is-absolute-1.0.1.tgz",
      "integrity": "sha1-F0uSaHNVNP+8es5r9TpanhtcX18=",
      "dev": true
    },
    "path-parse": {
      "version": "1.0.6",
      "resolved": "https://nexus3.topdesk.com/nexus/repository/npm/path-parse/-/path-parse-1.0.6.tgz",
      "integrity": "sha512-GSmOT2EbHrINBf9SR7CDELwlJ8AENk3Qn7OikK4nFYAu3Ote2+JYNVvkpAEQm3/TLNEJFD/xZJjzyxg3KBWOzw==",
      "dev": true
    },
    "portfinder": {
      "version": "1.0.26",
      "resolved": "https://nexus3.topdesk.com/nexus/repository/npm/portfinder/-/portfinder-1.0.26.tgz",
      "integrity": "sha512-Xi7mKxJHHMI3rIUrnm/jjUgwhbYMkp/XKEcZX3aG4BrumLpq3nmoQMX+ClYnDZnZ/New7IatC1no5RX0zo1vXQ==",
      "dev": true,
      "requires": {
        "async": "^2.6.2",
        "debug": "^3.1.1",
        "mkdirp": "^0.5.1"
      }
    },
    "qs": {
      "version": "6.9.4",
      "resolved": "https://nexus3.topdesk.com/nexus/repository/npm/qs/-/qs-6.9.4.tgz",
      "integrity": "sha512-A1kFqHekCTM7cz0udomYUoYNWjBebHm/5wzU/XqrBRBNWectVH0QIiN+NEcZ0Dte5hvzHwbr8+XQmguPhJ6WdQ==",
      "dev": true
    },
    "requires-port": {
      "version": "1.0.0",
      "resolved": "https://nexus3.topdesk.com/nexus/repository/npm/requires-port/-/requires-port-1.0.0.tgz",
      "integrity": "sha1-kl0mAdOaxIXgkc8NpcbmlNw9yv8=",
      "dev": true
    },
    "resolve": {
      "version": "1.17.0",
      "resolved": "https://nexus3.topdesk.com/nexus/repository/npm/resolve/-/resolve-1.17.0.tgz",
      "integrity": "sha512-ic+7JYiV8Vi2yzQGFWOkiZD5Z9z7O2Zhm9XMaTxdJExKasieFCr+yXZ/WmXsckHiKl12ar0y6XiXDx3m4RHn1w==",
      "dev": true,
      "requires": {
        "path-parse": "^1.0.6"
      }
    },
    "rimraf": {
      "version": "3.0.2",
      "resolved": "https://nexus3.topdesk.com/nexus/repository/npm/rimraf/-/rimraf-3.0.2.tgz",
      "integrity": "sha512-JZkJMZkAGFFPP2YqXZXPbMlMBgsxzE8ILs4lMIX/2o0L9UBw9O/Y3o6wFw/i9YLapcUJWwqbi3kdxIPdC62TIA==",
      "dev": true,
      "requires": {
        "glob": "^7.1.3"
      }
    },
    "rollup": {
      "version": "2.45.2",
      "resolved": "https://nexus3.topdesk.com/nexus/repository/npm/rollup/-/rollup-2.45.2.tgz",
      "integrity": "sha512-kRRU7wXzFHUzBIv0GfoFFIN3m9oteY4uAsKllIpQDId5cfnkWF2J130l+27dzDju0E6MScKiV0ZM5Bw8m4blYQ==",
      "dev": true,
      "requires": {
        "fsevents": "~2.3.1"
      }
    },
    "rollup-plugin-node-resolve": {
      "version": "5.2.0",
      "resolved": "https://nexus3.topdesk.com/nexus/repository/npm/rollup-plugin-node-resolve/-/rollup-plugin-node-resolve-5.2.0.tgz",
      "integrity": "sha512-jUlyaDXts7TW2CqQ4GaO5VJ4PwwaV8VUGA7+km3n6k6xtOEacf61u0VXwN80phY/evMcaS+9eIeJ9MOyDxt5Zw==",
      "dev": true,
      "requires": {
        "@types/resolve": "0.0.8",
        "builtin-modules": "^3.1.0",
        "is-module": "^1.0.0",
        "resolve": "^1.11.1",
        "rollup-pluginutils": "^2.8.1"
      }
    },
    "rollup-pluginutils": {
      "version": "2.8.2",
      "resolved": "https://nexus3.topdesk.com/nexus/repository/npm/rollup-pluginutils/-/rollup-pluginutils-2.8.2.tgz",
      "integrity": "sha512-EEp9NhnUkwY8aif6bxgovPHMoMoNr2FulJziTndpt5H9RdwC47GSGuII9XxpSdzVGM0GWrNPHV6ie1LTNJPaLQ==",
      "dev": true,
      "requires": {
        "estree-walker": "^0.6.1"
      }
    },
    "secure-compare": {
      "version": "3.0.1",
      "resolved": "https://nexus3.topdesk.com/nexus/repository/npm/secure-compare/-/secure-compare-3.0.1.tgz",
      "integrity": "sha1-8aAymzCLIh+uN7mXTz1XjQypmeM=",
      "dev": true
    },
    "singleton-manager": {
      "version": "1.4.1",
      "resolved": "https://nexus3.topdesk.com/nexus/repository/npm/singleton-manager/-/singleton-manager-1.4.1.tgz",
      "integrity": "sha512-HOvKT/WcHvl2cLYGqmO6MaC2J4wAA82LntGwtLn6avnTq15UDLCnSRVXedmglVooLbQGVsQJ+dQz2sKz+2GUZA=="
    },
    "union": {
      "version": "0.5.0",
      "resolved": "https://nexus3.topdesk.com/nexus/repository/npm/union/-/union-0.5.0.tgz",
      "integrity": "sha512-N6uOhuW6zO95P3Mel2I2zMsbsanvvtgn6jVqJv4vbVcz/JN0OkL9suomjQGmWtxJQXOCqUJvquc1sMeNz/IwlA==",
      "dev": true,
      "requires": {
        "qs": "^6.4.0"
      }
    },
    "url-join": {
      "version": "2.0.5",
      "resolved": "https://nexus3.topdesk.com/nexus/repository/npm/url-join/-/url-join-2.0.5.tgz",
      "integrity": "sha1-WvIvGMBSoACkjXuCxenC4v7tpyg=",
      "dev": true
    },
    "wrappy": {
      "version": "1.0.2",
      "resolved": "https://nexus3.topdesk.com/nexus/repository/npm/wrappy/-/wrappy-1.0.2.tgz",
      "integrity": "sha1-tSQ9jz7BqjXxNkYFvA0QNuMKtp8=",
      "dev": true
    }
  }
}
